
Microsoft Visual Studio Solution File, Format Version 12.00
# Visual Studio 2012
Project("{FAE04EC0-301F-11D3-BF4B-00C04F79EFBC}") = "ClusterChange", "ClusterChange\ClusterChange.csproj", "{31957DDB-6B35-4209-A966-725317F89158}"
EndProject
Global
	GlobalSection(SolutionConfigurationPlatforms) = preSolution
		Debug|Any CPU = Debug|Any CPU
		Release|Any CPU = Release|Any CPU
	EndGlobalSection
	GlobalSection(ProjectConfigurationPlatforms) = postSolution
		{31957DDB-6B35-4209-A966-725317F89158}.Debug|Any CPU.ActiveCfg = Debug|Any CPU
		{31957DDB-6B35-4209-A966-725317F89158}.Debug|Any CPU.Build.0 = Debug|Any CPU
		{31957DDB-6B35-4209-A966-725317F89158}.Release|Any CPU.ActiveCfg = Debug|Any CPU
		{31957DDB-6B35-4209-A966-725317F89158}.Release|Any CPU.Build.0 = Debug|Any CPU
	EndGlobalSection
	GlobalSection(SolutionProperties) = preSolution
		HideSolutionNode = FALSE
	EndGlobalSection
EndGlobal
